{
  "name": "wasi",
  "version": "1.0.0",
  "lockfileVersion": 2,
  "requires": true,
  "packages": {
    "": {
      "name": "wasi",
      "version": "1.0.0",
      "license": "ISC",
      "dependencies": {
        "@wasmer/wasi": "^1.0.2"
      }
    },
    "node_modules/@wasmer/wasi": {
      "version": "1.0.2",
      "resolved": "https://registry.npmjs.org/@wasmer/wasi/-/wasi-1.0.2.tgz",
      "integrity": "sha512-Y256k0Vjj9ZymIk8Cw1XDfuBYCOH9SZc2LjGk55vM+h6mhrKZkNvbR4pZeoXNdPWIu84luW0dULaAsLv5LA9NA=="
    }
  },
  "dependencies": {
    "@wasmer/wasi": {
      "version": "1.0.2",
      "resolved": "https://registry.npmjs.org/@wasmer/wasi/-/wasi-1.0.2.tgz",
      "integrity": "sha512-Y256k0Vjj9ZymIk8Cw1XDfuBYCOH9SZc2LjGk55vM+h6mhrKZkNvbR4pZeoXNdPWIu84luW0dULaAsLv5LA9NA=="
    }
  }
}
